
Microsoft Visual Studio Solution File, Format Version 12.00
# Visual Studio 15
VisualStudioVersion = 15.0.28307.168
MinimumVisualStudioVersion = 10.0.40219.1
Project("{9A19103F-16F7-4668-BE54-9A1E7A4F7556}") = "SocketIOSharp", "SocketIOSharp\SocketIOSharp.csproj", "{BA0D4F0A-1231-41DB-B88A-98510D090720}"
EndProject
Project("{FAE04EC0-301F-11D3-BF4B-00C04F79EFBC}") = "websocket-sharp", "WebSocketSharp\websocket-sharp\websocket-sharp.csproj", "{B357BAC7-529E-4D81-A0D2-71041B19C8DE}"
EndProject
Project("{FAE04EC0-301F-11D3-BF4B-00C04F79EFBC}") = "SocketIOSharp.Unity3D", "SocketIOSharp.Unity3D\SocketIOSharp.Unity3D.csproj", "{0845BB74-E6E9-437B-9ACD-1D8830F36F3B}"
EndProject
Project("{FAE04EC0-301F-11D3-BF4B-00C04F79EFBC}") = "SocketIOSharp.Core", "SocketIOSharp.Core\SocketIOSharp.Core.csproj", "{076D523C-9440-42E6-A7F8-4A306008A60B}"
EndProject
Global
	GlobalSection(SolutionConfigurationPlatforms) = preSolution
		Debug_Ubuntu|Any CPU = Debug_Ubuntu|Any CPU
		Debug|Any CPU = Debug|Any CPU
		Release_Ubuntu|Any CPU = Release_Ubuntu|Any CPU
		Release|Any CPU = Release|Any CPU
	EndGlobalSection
	GlobalSection(ProjectConfigurationPlatforms) = postSolution
		{BA0D4F0A-1231-41DB-B88A-98510D090720}.Debug_Ubuntu|Any CPU.ActiveCfg = Debug|Any CPU
		{BA0D4F0A-1231-41DB-B88A-98510D090720}.Debug_Ubuntu|Any CPU.Build.0 = Debug|Any CPU
		{BA0D4F0A-1231-41DB-B88A-98510D090720}.Debug|Any CPU.ActiveCfg = Debug|Any CPU
		{BA0D4F0A-1231-41DB-B88A-98510D090720}.Debug|Any CPU.Build.0 = Debug|Any CPU
		{BA0D4F0A-1231-41DB-B88A-98510D090720}.Release_Ubuntu|Any CPU.ActiveCfg = Release|Any CPU
		{BA0D4F0A-1231-41DB-B88A-98510D090720}.Release_Ubuntu|Any CPU.Build.0 = Release|Any CPU
		{BA0D4F0A-1231-41DB-B88A-98510D090720}.Release|Any CPU.ActiveCfg = Release|Any CPU
		{BA0D4F0A-1231-41DB-B88A-98510D090720}.Release|Any CPU.Build.0 = Release|Any CPU
		{B357BAC7-529E-4D81-A0D2-71041B19C8DE}.Debug_Ubuntu|Any CPU.ActiveCfg = Debug_Ubuntu|Any CPU
		{B357BAC7-529E-4D81-A0D2-71041B19C8DE}.Debug_Ubuntu|Any CPU.Build.0 = Debug_Ubuntu|Any CPU
		{B357BAC7-529E-4D81-A0D2-71041B19C8DE}.Debug|Any CPU.ActiveCfg = Debug|Any CPU
		{B357BAC7-529E-4D81-A0D2-71041B19C8DE}.Debug|Any CPU.Build.0 = Debug|Any CPU
		{B357BAC7-529E-4D81-A0D2-71041B19C8DE}.Release_Ubuntu|Any CPU.ActiveCfg = Release_Ubuntu|Any CPU
		{B357BAC7-529E-4D81-A0D2-71041B19C8DE}.Release_Ubuntu|Any CPU.Build.0 = Release_Ubuntu|Any CPU
		{B357BAC7-529E-4D81-A0D2-71041B19C8DE}.Release|Any CPU.ActiveCfg = Release|Any CPU
		{B357BAC7-529E-4D81-A0D2-71041B19C8DE}.Release|Any CPU.Build.0 = Release|Any CPU
		{0845BB74-E6E9-437B-9ACD-1D8830F36F3B}.Debug_Ubuntu|Any CPU.ActiveCfg = Debug|Any CPU
		{0845BB74-E6E9-437B-9ACD-1D8830F36F3B}.Debug_Ubuntu|Any CPU.Build.0 = Debug|Any CPU
		{0845BB74-E6E9-437B-9ACD-1D8830F36F3B}.Debug|Any CPU.ActiveCfg = Debug|Any CPU
		{0845BB74-E6E9-437B-9ACD-1D8830F36F3B}.Debug|Any CPU.Build.0 = Debug|Any CPU
		{0845BB74-E6E9-437B-9ACD-1D8830F36F3B}.Release_Ubuntu|Any CPU.ActiveCfg = Release|Any CPU
		{0845BB74-E6E9-437B-9ACD-1D8830F36F3B}.Release_Ubuntu|Any CPU.Build.0 = Release|Any CPU
		{0845BB74-E6E9-437B-9ACD-1D8830F36F3B}.Release|Any CPU.ActiveCfg = Release|Any CPU
		{0845BB74-E6E9-437B-9ACD-1D8830F36F3B}.Release|Any CPU.Build.0 = Release|Any CPU
		{076D523C-9440-42E6-A7F8-4A306008A60B}.Debug_Ubuntu|Any CPU.ActiveCfg = Debug|Any CPU
		{076D523C-9440-42E6-A7F8-4A306008A60B}.Debug_Ubuntu|Any CPU.Build.0 = Debug|Any CPU
		{076D523C-9440-42E6-A7F8-4A306008A60B}.Debug|Any CPU.ActiveCfg = Debug|Any CPU
		{076D523C-9440-42E6-A7F8-4A306008A60B}.Debug|Any CPU.Build.0 = Debug|Any CPU
		{076D523C-9440-42E6-A7F8-4A306008A60B}.Release_Ubuntu|Any CPU.ActiveCfg = Release|Any CPU
		{076D523C-9440-42E6-A7F8-4A306008A60B}.Release_Ubuntu|Any CPU.Build.0 = Release|Any CPU
		{076D523C-9440-42E6-A7F8-4A306008A60B}.Release|Any CPU.ActiveCfg = Release|Any CPU
		{076D523C-9440-42E6-A7F8-4A306008A60B}.Release|Any CPU.Build.0 = Release|Any CPU
	EndGlobalSection
	GlobalSection(SolutionProperties) = preSolution
		HideSolutionNode = FALSE
	EndGlobalSection
	GlobalSection(ExtensibilityGlobals) = postSolution
		SolutionGuid = {8E50E93A-69F4-46F4-9217-EC37499A8FD6}
	EndGlobalSection
EndGlobal
